# THIS IS AN AUTOGENERATED FILE. DO NOT EDIT THIS FILE DIRECTLY.
# yarn lockfile v1


"@stencil/angular-output-target@^0.0.6":
  version "0.0.6"
  resolved "https://registry.yarnpkg.com/@stencil/angular-output-target/-/angular-output-target-0.0.6.tgz#7fde6a5e967e87122979207193aff061d68ef3d8"
  integrity sha512-e1Asucp/m0EZki9dYEF327ggIQ2T4K5RWXXC78iisQQboj4uU29BvBuAxYXGeF/OGC51azvClgIrrpf5Z6kxvA==

"@stencil/core@^2.0.1":
  version "2.6.0"
  resolved "https://registry.yarnpkg.com/@stencil/core/-/core-2.6.0.tgz#29da96d8b6fc83e689b9f297ef3e8b59b90a676a"
  integrity sha512-QsxWayZyusnqSZrlCl81R71rA3KqFjVVQSH4E0rGN15F1GdQaFonKlHLyCOLKLig1zzC+DQkLLiUuocexuvdeQ==

"@stencil/react-output-target@^0.0.9":
  version "0.0.9"
  resolved "https://registry.yarnpkg.com/@stencil/react-output-target/-/react-output-target-0.0.9.tgz#b225611c5743f0285c37d92bb47d9369ba462c54"
  integrity sha512-t2sSkm/VGftBqewK47eZonaHIXW7CYWlsDy6Ln4jqNVpr93CuPWkg7rsnPiZrJrU1NBuTgA0hC2xoRcAJVm7Sw==

"@stencil/vue-output-target@^0.5.0":
  version "0.5.0"
  resolved "https://registry.yarnpkg.com/@stencil/vue-output-target/-/vue-output-target-0.5.0.tgz#fca310c3900b133fb262b1d2af48bd7d9513b8f3"
  integrity sha512-OuVOnlG6FpX/N8xWxwqCjTtq5LBCgvNiWt3mNQHYxb8wSEXqX46eOoTqkKjKcbG3YF/8bNyOgDtIzTl9HZmPeQ==
